
Microsoft Visual Studio Solution File, Format Version 12.00
# Visual Studio 15
VisualStudioVersion = 15.0.27703.2000
MinimumVisualStudioVersion = 10.0.40219.1
Project("{FAE04EC0-301F-11D3-BF4B-00C04F79EFBC}") = "ChessTester", "ChessTester\ChessTester.csproj", "{50D6CD68-CAF5-43FA-9C35-AC699CC2A2EA}"
EndProject
Project("{FAE04EC0-301F-11D3-BF4B-00C04F79EFBC}") = "ChessTools", "ChessTools\ChessTools.csproj", "{94AFFDA1-1084-4035-9EC4-14CD7309E9B1}"
EndProject
Global
	GlobalSection(SolutionConfigurationPlatforms) = preSolution
		Debug|Any CPU = Debug|Any CPU
		Release|Any CPU = Release|Any CPU
	EndGlobalSection
	GlobalSection(ProjectConfigurationPlatforms) = postSolution
		{50D6CD68-CAF5-43FA-9C35-AC699CC2A2EA}.Debug|Any CPU.ActiveCfg = Debug|Any CPU
		{50D6CD68-CAF5-43FA-9C35-AC699CC2A2EA}.Debug|Any CPU.Build.0 = Debug|Any CPU
		{50D6CD68-CAF5-43FA-9C35-AC699CC2A2EA}.Release|Any CPU.ActiveCfg = Release|Any CPU
		{50D6CD68-CAF5-43FA-9C35-AC699CC2A2EA}.Release|Any CPU.Build.0 = Release|Any CPU
		{94AFFDA1-1084-4035-9EC4-14CD7309E9B1}.Debug|Any CPU.ActiveCfg = Debug|Any CPU
		{94AFFDA1-1084-4035-9EC4-14CD7309E9B1}.Debug|Any CPU.Build.0 = Debug|Any CPU
		{94AFFDA1-1084-4035-9EC4-14CD7309E9B1}.Release|Any CPU.ActiveCfg = Release|Any CPU
		{94AFFDA1-1084-4035-9EC4-14CD7309E9B1}.Release|Any CPU.Build.0 = Release|Any CPU
	EndGlobalSection
	GlobalSection(SolutionProperties) = preSolution
		HideSolutionNode = FALSE
	EndGlobalSection
	GlobalSection(ExtensibilityGlobals) = postSolution
		SolutionGuid = {84934C9F-0785-44D5-AFDB-7CEFA7C517C2}
	EndGlobalSection
EndGlobal
